
Microsoft Visual Studio Solution File, Format Version 12.00
# Visual Studio Version 17
VisualStudioVersion = 17.14.37516.0 d17.14
MinimumVisualStudioVersion = 10.0.40219.1
Project("{FAE04EC0-301F-11D3-BF4B-00C04F79EFBC}") = "8_12", "8_12\8_12.csproj", "{8A2BDC2F-3B42-41F8-810D-B394F2FEFD13}"
EndProject
Global
	GlobalSection(SolutionConfigurationPlatforms) = preSolution
		Debug|Any CPU = Debug|Any CPU
		Release|Any CPU = Release|Any CPU
	EndGlobalSection
	GlobalSection(ProjectConfigurationPlatforms) = postSolution
		{8A2BDC2F-3B42-41F8-810D-B394F2FEFD13}.Debug|Any CPU.ActiveCfg = Debug|Any CPU
		{8A2BDC2F-3B42-41F8-810D-B394F2FEFD13}.Debug|Any CPU.Build.0 = Debug|Any CPU
		{8A2BDC2F-3B42-41F8-810D-B394F2FEFD13}.Release|Any CPU.ActiveCfg = Release|Any CPU
		{8A2BDC2F-3B42-41F8-810D-B394F2FEFD13}.Release|Any CPU.Build.0 = Release|Any CPU
	EndGlobalSection
	GlobalSection(SolutionProperties) = preSolution
		HideSolutionNode = FALSE
	EndGlobalSection
	GlobalSection(ExtensibilityGlobals) = postSolution
		SolutionGuid = {B442548F-7DB0-4CC6-8EA5-EEC74568478B}
	EndGlobalSection
EndGlobal
