
Microsoft Visual Studio Solution File, Format Version 12.00
# Visual Studio Version 17
VisualStudioVersion = 17.14.37516.0 d17.14
MinimumVisualStudioVersion = 10.0.40219.1
Project("{FAE04EC0-301F-11D3-BF4B-00C04F79EFBC}") = "8_5", "8_5\8_5.csproj", "{6DD80303-BB3C-494A-BE0F-AED5B7F8CC2F}"
EndProject
Global
	GlobalSection(SolutionConfigurationPlatforms) = preSolution
		Debug|Any CPU = Debug|Any CPU
		Release|Any CPU = Release|Any CPU
	EndGlobalSection
	GlobalSection(ProjectConfigurationPlatforms) = postSolution
		{6DD80303-BB3C-494A-BE0F-AED5B7F8CC2F}.Debug|Any CPU.ActiveCfg = Debug|Any CPU
		{6DD80303-BB3C-494A-BE0F-AED5B7F8CC2F}.Debug|Any CPU.Build.0 = Debug|Any CPU
		{6DD80303-BB3C-494A-BE0F-AED5B7F8CC2F}.Release|Any CPU.ActiveCfg = Release|Any CPU
		{6DD80303-BB3C-494A-BE0F-AED5B7F8CC2F}.Release|Any CPU.Build.0 = Release|Any CPU
	EndGlobalSection
	GlobalSection(SolutionProperties) = preSolution
		HideSolutionNode = FALSE
	EndGlobalSection
	GlobalSection(ExtensibilityGlobals) = postSolution
		SolutionGuid = {1917BC5F-D6D8-4ED5-A2BD-2CC30F77A6E7}
	EndGlobalSection
EndGlobal
