
Microsoft Visual Studio Solution File, Format Version 12.00
# Visual Studio Version 17
VisualStudioVersion = 17.14.37516.0 d17.14
MinimumVisualStudioVersion = 10.0.40219.1
Project("{FAE04EC0-301F-11D3-BF4B-00C04F79EFBC}") = "编程题3", "编程题3\编程题3.csproj", "{B855BD44-030D-408F-9321-94A076F815E4}"
EndProject
Global
	GlobalSection(SolutionConfigurationPlatforms) = preSolution
		Debug|Any CPU = Debug|Any CPU
		Release|Any CPU = Release|Any CPU
	EndGlobalSection
	GlobalSection(ProjectConfigurationPlatforms) = postSolution
		{B855BD44-030D-408F-9321-94A076F815E4}.Debug|Any CPU.ActiveCfg = Debug|Any CPU
		{B855BD44-030D-408F-9321-94A076F815E4}.Debug|Any CPU.Build.0 = Debug|Any CPU
		{B855BD44-030D-408F-9321-94A076F815E4}.Release|Any CPU.ActiveCfg = Release|Any CPU
		{B855BD44-030D-408F-9321-94A076F815E4}.Release|Any CPU.Build.0 = Release|Any CPU
	EndGlobalSection
	GlobalSection(SolutionProperties) = preSolution
		HideSolutionNode = FALSE
	EndGlobalSection
	GlobalSection(ExtensibilityGlobals) = postSolution
		SolutionGuid = {D4C7228F-45D0-4241-9790-66DE87CF4F11}
	EndGlobalSection
EndGlobal
